<?xml version="1.0" encoding="utf-8"?>
<Project ToolsVersion="4.0" xmlns="http://schemas.microsoft.com/developer/msbuild/2003">
  <ItemGroup>
    <Filter Include="Source Dateien">
      <UniqueIdentifier>{4FC737F1-C7A5-4376-A066-2A32D752A2FF}</UniqueIdentifier>
      <Extensions>cpp;cxx;c;def</Extensions>
    </Filter>
    <Filter Include="Header Dateien">
      <UniqueIdentifier>{93995380-89BD-4b04-88EB-625FBE52EBFB}</UniqueIdentifier>
      <Extensions>h</Extensions>
    </Filter>
    <Filter Include="Form Dateien">
      <UniqueIdentifier>{99349809-55BA-4b9d-BF79-8FDBB0286EB3}</UniqueIdentifier>
      <Extensions>ui</Extensions>
    </Filter>
    <Filter Include="Resource Dateien">
      <UniqueIdentifier>{D9D6E242-F8AF-46E4-B9FD-80ECBC20BA3E}</UniqueIdentifier>
      <Extensions>qrc;*</Extensions>
      <ParseFiles>false</ParseFiles>
    </Filter>
    <Filter Include="Generierte Dateien">
      <UniqueIdentifier>{71ED8ED8-ACB9-4CE9-BBE1-E00B30144E11}</UniqueIdentifier>
      <Extensions>moc;h;cpp</Extensions>
      <SourceControlFiles>False</SourceControlFiles>
    </Filter>
    <Filter Include="Generierte Dateien\Debug">
      <UniqueIdentifier>{96b77ea7-4c54-4849-af0e-9e211f37863b}</UniqueIdentifier>
      <Extensions>cpp;moc</Extensions>
      <SourceControlFiles>False</SourceControlFiles>
    </Filter>
    <Filter Include="Generierte Dateien\Release">
      <UniqueIdentifier>{a59c5a94-3de3-46d1-8b5e-1028a8722661}</UniqueIdentifier>
      <Extensions>cpp;moc</Extensions>
      <SourceControlFiles>False</SourceControlFiles>
    </Filter>
  </ItemGroup>
  <ItemGroup>
    <None Include="..\pdf.png">
      <Filter>Resource Dateien</Filter>
    </None>
    <None Include="..\html.png">
      <Filter>Resource Dateien</Filter>
    </None>
    <None Include="..\..\QtRptDesigner\images\QtRptDesigner.ico">
      <Filter>Resource Dateien</Filter>
    </None>
    <None Include="..\excel.png">
      <Filter>Resource Dateien</Filter>
    </None>
    <None Include="pdf.png">
      <Filter>Resource Dateien</Filter>
    </None>
    <None Include="html.png">
      <Filter>Resource Dateien</Filter>
    </None>
    <None Include="..\QtRptDesigner\images\QtRptDesigner.ico">
      <Filter>Resource Dateien</Filter>
    </None>
    <None Include="excel.png">
      <Filter>Resource Dateien</Filter>
    </None>
  </ItemGroup>
  <ItemGroup>
    <ClInclude Include="RptCrossTabObject.h">
      <Filter>Header Dateien</Filter>
    </ClInclude>
    <ClInclude Include="RptFieldObject.h">
      <Filter>Header Dateien</Filter>
    </ClInclude>
    <ClInclude Include="RptPageObject.h">
      <Filter>Header Dateien</Filter>
    </ClInclude>
    <ClInclude Include="RptSqlConnection.h">
      <Filter>Header Dateien</Filter>
    </ClInclude>
    <ClInclude Include="qtrpt_global.h">
      <Filter>Header Dateien</Filter>
    </ClInclude>
    <ClInclude Include="qtrptnamespace.h">
      <Filter>Header Dateien</Filter>
    </ClInclude>
    <ClInclude Include="RptBandObject.h">
      <Filter>Header Dateien</Filter>
    </ClInclude>
  </ItemGroup>
  <ItemGroup>
    <CustomBuild Include="RptSql.h">
      <Filter>Header Dateien</Filter>
    </CustomBuild>
    <CustomBuild Include="imagesRpt.qrc">
      <Filter>Resource Dateien</Filter>
    </CustomBuild>
    <CustomBuild Include="qtrpt.h">
      <Filter>Header Dateien</Filter>
    </CustomBuild>
  </ItemGroup>
  <ItemGroup>
    <ClCompile Include="GeneratedFiles\Debug\moc_RptSql.cpp">
      <Filter>Generierte Dateien\Debug</Filter>
    </ClCompile>
    <ClCompile Include="GeneratedFiles\Release\moc_RptSql.cpp">
      <Filter>Generierte Dateien\Release</Filter>
    </ClCompile>
    <ClCompile Include="qtrpt.cpp">
      <Filter>Source Dateien</Filter>
    </ClCompile>
    <ClCompile Include="RptBandObject.cpp">
      <Filter>Source Dateien</Filter>
    </ClCompile>
    <ClCompile Include="RptCrossTabObject.cpp">
      <Filter>Source Dateien</Filter>
    </ClCompile>
    <ClCompile Include="RptFieldObject.cpp">
      <Filter>Source Dateien</Filter>
    </ClCompile>
    <ClCompile Include="RptPageObject.cpp">
      <Filter>Source Dateien</Filter>
    </ClCompile>
    <ClCompile Include="RptSql.cpp">
      <Filter>Source Dateien</Filter>
    </ClCompile>
    <ClCompile Include="RptSqlConnection.cpp">
      <Filter>Source Dateien</Filter>
    </ClCompile>
    <ClCompile Include="GeneratedFiles\qrc_imagesRpt.cpp">
      <Filter>Generierte Dateien</Filter>
    </ClCompile>
    <ClCompile Include="GeneratedFiles\Debug\moc_qtrpt.cpp">
      <Filter>Generierte Dateien\Debug</Filter>
    </ClCompile>
    <ClCompile Include="GeneratedFiles\Release\moc_qtrpt.cpp">
      <Filter>Generierte Dateien\Release</Filter>
    </ClCompile>
  </ItemGroup>
</Project>